
Microsoft Visual Studio Solution File, Format Version 12.00
# Visual Studio Version 17
VisualStudioVersion = 17.2.32630.192
MinimumVisualStudioVersion = 10.0.40219.1
Project("{FAE04EC0-301F-11D3-BF4B-00C04F79EFBC}") = "InventoryManagment", "InventoryManagment.csproj", "{915B0D49-2DA2-41AE-A6CA-1ADBA25C0CC0}"
EndProject
Global
	GlobalSection(SolutionConfigurationPlatforms) = preSolution
		Debug|Any CPU = Debug|Any CPU
		Release|Any CPU = Release|Any CPU
	EndGlobalSection
	GlobalSection(ProjectConfigurationPlatforms) = postSolution
		{915B0D49-2DA2-41AE-A6CA-1ADBA25C0CC0}.Debug|Any CPU.ActiveCfg = Debug|Any CPU
		{915B0D49-2DA2-41AE-A6CA-1ADBA25C0CC0}.Debug|Any CPU.Build.0 = Debug|Any CPU
		{915B0D49-2DA2-41AE-A6CA-1ADBA25C0CC0}.Release|Any CPU.ActiveCfg = Release|Any CPU
		{915B0D49-2DA2-41AE-A6CA-1ADBA25C0CC0}.Release|Any CPU.Build.0 = Release|Any CPU
	EndGlobalSection
	GlobalSection(SolutionProperties) = preSolution
		HideSolutionNode = FALSE
	EndGlobalSection
	GlobalSection(ExtensibilityGlobals) = postSolution
		SolutionGuid = {ED6A236E-E12C-445B-8CF7-798FA4E109BD}
	EndGlobalSection
EndGlobal
